
Microsoft Visual Studio Solution File, Format Version 12.00
# Visual Studio Version 17
VisualStudioVersion = 17.4.33213.308
MinimumVisualStudioVersion = 10.0.40219.1
Project("{FAE04EC0-301F-11D3-BF4B-00C04F79EFBC}") = "DockedPanelApp", "DockedPanelApp\DockedPanelApp.csproj", "{ADA5BF92-8824-4B23-B96D-BB086C06BCF0}"
EndProject
Global
	GlobalSection(SolutionConfigurationPlatforms) = preSolution
		Debug|Any CPU = Debug|Any CPU
		Release|Any CPU = Release|Any CPU
	EndGlobalSection
	GlobalSection(ProjectConfigurationPlatforms) = postSolution
		{ADA5BF92-8824-4B23-B96D-BB086C06BCF0}.Debug|Any CPU.ActiveCfg = Debug|Any CPU
		{ADA5BF92-8824-4B23-B96D-BB086C06BCF0}.Debug|Any CPU.Build.0 = Debug|Any CPU
		{ADA5BF92-8824-4B23-B96D-BB086C06BCF0}.Release|Any CPU.ActiveCfg = Release|Any CPU
		{ADA5BF92-8824-4B23-B96D-BB086C06BCF0}.Release|Any CPU.Build.0 = Release|Any CPU
	EndGlobalSection
	GlobalSection(SolutionProperties) = preSolution
		HideSolutionNode = FALSE
	EndGlobalSection
	GlobalSection(ExtensibilityGlobals) = postSolution
		SolutionGuid = {6397BF0A-6226-4218-995C-47946ED4291F}
	EndGlobalSection
EndGlobal
